# This file is automatically @generated by Cargo.
# It is not intended for manual editing.
version = 4

[[package]]
name = "aho-corasick"
version = "1.1.4"
source = "registry+https://github.com/rust-lang/crates.io-index"
checksum = "ddd31a130427c27518df266943a5308ed92d4b226cc639f5a8f1002816174301"
dependencies = [
 "memchr",
]

[[package]]
name = "arraydeque"
version = "0.5.1"
source = "registry+https://github.com/rust-lang/crates.io-index"
checksum = "7d902e3d592a523def97af8f317b08ce16b7ab854c1985a0c671e6f15cebc236"

[[package]]
name = "autocfg"
version = "1.5.0"
source = "registry+https://github.com/rust-lang/crates.io-index"
checksum = "c08606f8c3cbf4ce6ec8e28fb0014a2c086708fe954eaa885384a6165172e7e8"

[[package]]
name = "bitflags"
version = "2.13.1"
source = "registry+https://github.com/rust-lang/crates.io-index"
checksum = "b588b76d00fde79687d7646a9b5bdf3cc0f655e0bbd080335a95d7e96f3587da"

[[package]]
name = "cc"
version = "1.2.60"
source = "registry+https://github.com/rust-lang/crates.io-index"
checksum = "43c5703da9466b66a946814e1adf53ea2c90f10063b86290cc9eb67ce3478a20"
dependencies = [
 "find-msvc-tools",
 "shlex",
]

[[package]]
name = "cfg-if"
version = "1.0.4"
source = "registry+https://github.com/rust-lang/crates.io-index"
checksum = "9330f8b2ff13f34540b44e946ef35111825727b38d33286ef986142615121801"

[[package]]
name = "encoding_rs"
version = "0.8.35"
source = "registry+https://github.com/rust-lang/crates.io-index"
checksum = "75030f3c4f45dafd7586dd6780965a8c7e8e285a5ecb86713e63a79c5b2766f3"
dependencies = [
 "cfg-if",
]

[[package]]
name = "equivalent"
version = "1.0.2"
source = "registry+https://github.com/rust-lang/crates.io-index"
checksum = "877a4ace8713b0bcf2a4e7eec82529c029f1d0619886d18145fea96c3ffe5c0f"

[[package]]
name = "find-msvc-tools"
version = "0.1.9"
source = "registry+https://github.com/rust-lang/crates.io-index"
checksum = "5baebc0774151f905a1a2cc41989300b1e6fbb29aff0ceffa1064fdd3088d582"

[[package]]
name = "foldhash"
version = "0.1.5"
source = "registry+https://github.com/rust-lang/crates.io-index"
checksum = "d9c4f5dac5e15c24eb999c26181a6ca40b39fe946cbe4c263c7209467bc83af2"

[[package]]
name = "getrandom"
version = "0.3.4"
source = "registry+https://github.com/rust-lang/crates.io-index"
checksum = "899def5c37c4fd7b2664648c28120ecec138e4d395b459e5ca34f9cce2dd77fd"
dependencies = [
 "cfg-if",
 "libc",
 "r-efi",
 "wasip2",
]

[[package]]
name = "hashbrown"
version = "0.15.5"
source = "registry+https://github.com/rust-lang/crates.io-index"
checksum = "9229cfe53dfd69f0609a49f65461bd93001ea1ef889cd5529dd176593f5338a1"
dependencies = [
 "foldhash",
]

[[package]]
name = "hashbrown"
version = "0.17.0"
source = "registry+https://github.com/rust-lang/crates.io-index"
checksum = "4f467dd6dccf739c208452f8014c75c18bb8301b050ad1cfb27153803edb0f51"

[[package]]
name = "hashlink"
version = "0.10.0"
source = "registry+https://github.com/rust-lang/crates.io-index"
checksum = "7382cf6263419f2d8df38c55d7da83da5c18aef87fc7a7fc1fb1e344edfe14c1"
dependencies = [
 "hashbrown 0.15.5",
]

[[package]]
name = "heck"
version = "0.5.0"
source = "registry+https://github.com/rust-lang/crates.io-index"
checksum = "2304e00983f87ffb38b55b444b5e3b60a884b5d30c0fca7d82fe33449bbe55ea"

[[package]]
name = "indexmap"
version = "2.14.0"
source = "registry+https://github.com/rust-lang/crates.io-index"
checksum = "d466e9454f08e4a911e14806c24e16fba1b4c121d1ea474396f396069cf949d9"
dependencies = [
 "equivalent",
 "hashbrown 0.17.0",
]

[[package]]
name = "itoa"
version = "1.0.18"
source = "registry+https://github.com/rust-lang/crates.io-index"
checksum = "8f42a60cbdf9a97f5d2305f08a87dc4e09308d1276d28c869c684d7777685682"

[[package]]
name = "json-event-parser"
version = "0.2.3"
source = "registry+https://github.com/rust-lang/crates.io-index"
checksum = "574b0cd5e90ee2ba03a66d0611fc9a09c9a0c28b2ecc2dc8a181dd31a53ca5d7"

[[package]]
name = "libc"
version = "0.2.185"
source = "registry+https://github.com/rust-lang/crates.io-index"
checksum = "52ff2c0fe9bc6cb6b14a0592c2ff4fa9ceb83eea9db979b0487cd054946a2b8f"

[[package]]
name = "markdown"
version = "1.0.0"
source = "registry+https://github.com/rust-lang/crates.io-index"
checksum = "a5cab8f2cadc416a82d2e783a1946388b31654d391d1c7d92cc1f03e295b1deb"
dependencies = [
 "unicode-id",
]

[[package]]
name = "mdast_util_to_markdown"
version = "0.0.2"
source = "registry+https://github.com/rust-lang/crates.io-index"
checksum = "f4847e9e76278c5ad9a101a017c2798226c6fe1094dfb8e6338efd97e9a5bc55"
dependencies = [
 "markdown",
 "regex",
]

[[package]]
name = "memchr"
version = "2.8.0"
source = "registry+https://github.com/rust-lang/crates.io-index"
checksum = "f8ca58f447f06ed17d5fc4043ce1b10dd205e060fb3ce5b979b8ed8e59ff3f79"

[[package]]
name = "num-traits"
version = "0.2.19"
source = "registry+https://github.com/rust-lang/crates.io-index"
checksum = "071dfc062690e90b734c0b2273ce72ad0ffa95f0c74596bc250dcfd960262841"
dependencies = [
 "autocfg",
]

[[package]]
name = "ordered-float"
version = "5.3.0"
source = "registry+https://github.com/rust-lang/crates.io-index"
checksum = "b7d950ca161dc355eaf28f82b11345ed76c6e1f6eb1f4f4479e0323b9e2fbd0e"
dependencies = [
 "num-traits",
]

[[package]]
name = "oxilangtag"
version = "0.1.5"
source = "registry+https://github.com/rust-lang/crates.io-index"
checksum = "23f3f87617a86af77fa3691e6350483e7154c2ead9f1261b75130e21ca0f8acb"
dependencies = [
 "serde",
]

[[package]]
name = "oxiri"
version = "0.2.11"
source = "registry+https://github.com/rust-lang/crates.io-index"
checksum = "54b4ed3a7192fa19f5f48f99871f2755047fabefd7f222f12a1df1773796a102"

[[package]]
name = "oxjsonld"
version = "0.2.5"
source = "registry+https://github.com/rust-lang/crates.io-index"
checksum = "f6e1380a504a8571763f13b8bcad629ff90d0300d47d8a519f3c6c599625840e"
dependencies = [
 "json-event-parser",
 "oxiri",
 "oxrdf",
 "ryu-js",
 "thiserror",
]

[[package]]
name = "oxrdf"
version = "0.3.3"
source = "registry+https://github.com/rust-lang/crates.io-index"
checksum = "0afd5c28e4a399c57ee2bc3accd40c7b671fdc7b6537499f14e95b265af7d7e0"
dependencies = [
 "oxilangtag",
 "oxiri",
 "rand",
 "thiserror",
]

[[package]]
name = "oxrdfio"
version = "0.2.5"
source = "registry+https://github.com/rust-lang/crates.io-index"
checksum = "696223589ecbcab06b1a5df9b527dc25b0c656160cca38752fdb3878a5d3dd03"
dependencies = [
 "oxjsonld",
 "oxrdf",
 "oxrdfxml",
 "oxttl",
 "thiserror",
]

[[package]]
name = "oxrdfxml"
version = "0.2.3"
source = "registry+https://github.com/rust-lang/crates.io-index"
checksum = "cd5516ae083d09bc57ec65ed5ee97701481725de6ffaa83d968ab42a96157ba1"
dependencies = [
 "oxilangtag",
 "oxiri",
 "oxrdf",
 "quick-xml",
 "thiserror",
]

[[package]]
name = "oxttl"
version = "0.2.3"
source = "registry+https://github.com/rust-lang/crates.io-index"
checksum = "f03fd471bd54c23d76631c0a2677aa4bb308d905f6e491ee35dcb0732b7c5c6c"
dependencies = [
 "memchr",
 "oxilangtag",
 "oxiri",
 "oxrdf",
 "thiserror",
]

[[package]]
name = "paste"
version = "1.0.15"
source = "registry+https://github.com/rust-lang/crates.io-index"
checksum = "57c0d7b74b563b49d38dae00a0c37d4d6de9b432382b2892f0574ddcae73fd0a"

[[package]]
name = "ppv-lite86"
version = "0.2.21"
source = "registry+https://github.com/rust-lang/crates.io-index"
checksum = "85eae3c4ed2f50dcfe72643da4befc30deadb458a9b590d720cde2f2b1e97da9"
dependencies = [
 "zerocopy",
]

[[package]]
name = "proc-macro2"
version = "1.0.106"
source = "registry+https://github.com/rust-lang/crates.io-index"
checksum = "8fd00f0bb2e90d81d1044c2b32617f68fcb9fa3bb7640c23e9c748e53fb30934"
dependencies = [
 "unicode-ident",
]

[[package]]
name = "pulldown-cmark"
version = "0.13.4"
source = "registry+https://github.com/rust-lang/crates.io-index"
checksum = "e9f068eba8e7071c5f9511831b44f32c740d5adf574e990f946ddb53db2f314e"
dependencies = [
 "bitflags",
 "memchr",
 "unicase",
]

[[package]]
name = "quick-xml"
version = "0.37.5"
source = "registry+https://github.com/rust-lang/crates.io-index"
checksum = "331e97a1af0bf59823e6eadffe373d7b27f485be8748f71471c662c1f269b7fb"
dependencies = [
 "memchr",
]

[[package]]
name = "quote"
version = "1.0.45"
source = "registry+https://github.com/rust-lang/crates.io-index"
checksum = "41f2619966050689382d2b44f664f4bc593e129785a36d6ee376ddf37259b924"
dependencies = [
 "proc-macro2",
]

[[package]]
name = "r-efi"
version = "5.3.0"
source = "registry+https://github.com/rust-lang/crates.io-index"
checksum = "69cdb34c158ceb288df11e18b4bd39de994f6657d83847bdffdbd7f346754b0f"

[[package]]
name = "rand"
version = "0.9.4"
source = "registry+https://github.com/rust-lang/crates.io-index"
checksum = "44c5af06bb1b7d3216d91932aed5265164bf384dc89cd6ba05cf59a35f5f76ea"
dependencies = [
 "rand_chacha",
 "rand_core",
]

[[package]]
name = "rand_chacha"
version = "0.9.0"
source = "registry+https://github.com/rust-lang/crates.io-index"
checksum = "d3022b5f1df60f26e1ffddd6c66e8aa15de382ae63b3a0c1bfc0e4d3e3f325cb"
dependencies = [
 "ppv-lite86",
 "rand_core",
]

[[package]]
name = "rand_core"
version = "0.9.5"
source = "registry+https://github.com/rust-lang/crates.io-index"
checksum = "76afc826de14238e6e8c374ddcc1fa19e374fd8dd986b0d2af0d02377261d83c"
dependencies = [
 "getrandom",
]

[[package]]
name = "rdf-repository-export"
version = "0.1.0"
dependencies = [
 "oxrdf",
 "oxrdfio",
 "pulldown-cmark",
 "rdf-trilith-graph",
 "rdf-trilith-iri",
 "rdf-trilith-term",
 "serde_json",
 "serde_yaml",
 "snafu",
 "tree-sitter",
 "tree-sitter-turtle",
]

[[package]]
name = "rdf-repository-shacl"
version = "0.1.0"
dependencies = [
 "oxrdf",
 "thiserror",
 "tree-sitter",
 "tree-sitter-language",
 "tree-sitter-turtle",
]

[[package]]
name = "rdf-repository-task"
version = "0.1.0"
dependencies = [
 "hashlink",
 "markdown",
 "mdast_util_to_markdown",
 "saphyr",
]

[[package]]
name = "rdf-trilith-graph"
version = "0.1.0"
dependencies = [
 "oxrdf",
 "rdf-trilith-term",
]

[[package]]
name = "rdf-trilith-iri"
version = "0.1.0"
dependencies = [
 "oxrdf",
 "rdf-trilith-macro-validated",
 "snafu",
]

[[package]]
name = "rdf-trilith-macro-enum"
version = "0.1.0"
dependencies = [
 "paste",
]

[[package]]
name = "rdf-trilith-macro-validated"
version = "0.1.0"

[[package]]
name = "rdf-trilith-term"
version = "0.1.0"
dependencies = [
 "oxrdf",
 "rdf-trilith-iri",
 "rdf-trilith-macro-enum",
 "rdf-trilith-macro-validated",
 "snafu",
]

[[package]]
name = "regex"
version = "1.12.3"
source = "registry+https://github.com/rust-lang/crates.io-index"
checksum = "e10754a14b9137dd7b1e3e5b0493cc9171fdd105e0ab477f51b72e7f3ac0e276"
dependencies = [
 "aho-corasick",
 "memchr",
 "regex-automata",
 "regex-syntax",
]

[[package]]
name = "regex-automata"
version = "0.4.14"
source = "registry+https://github.com/rust-lang/crates.io-index"
checksum = "6e1dd4122fc1595e8162618945476892eefca7b88c52820e74af6262213cae8f"
dependencies = [
 "aho-corasick",
 "memchr",
 "regex-syntax",
]

[[package]]
name = "regex-syntax"
version = "0.8.10"
source = "registry+https://github.com/rust-lang/crates.io-index"
checksum = "dc897dd8d9e8bd1ed8cdad82b5966c3e0ecae09fb1907d58efaa013543185d0a"

[[package]]
name = "ryu"
version = "1.0.23"
source = "registry+https://github.com/rust-lang/crates.io-index"
checksum = "9774ba4a74de5f7b1c1451ed6cd5285a32eddb5cccb8cc655a4e50009e06477f"

[[package]]
name = "ryu-js"
version = "1.0.2"
source = "registry+https://github.com/rust-lang/crates.io-index"
checksum = "dd29631678d6fb0903b69223673e122c32e9ae559d0960a38d574695ebc0ea15"

[[package]]
name = "saphyr"
version = "0.0.6"
source = "registry+https://github.com/rust-lang/crates.io-index"
checksum = "f3767dfe8889ebb55a21409df2b6f36e66abfbe1eb92d64ff76ae799d3f91016"
dependencies = [
 "arraydeque",
 "encoding_rs",
 "hashlink",
 "ordered-float",
 "saphyr-parser",
]

[[package]]
name = "saphyr-parser"
version = "0.0.6"
source = "registry+https://github.com/rust-lang/crates.io-index"
checksum = "4fb771b59f6b1985d1406325ec28f97cfb14256abcec4fdfb37b36a1766d6af7"
dependencies = [
 "arraydeque",
 "hashlink",
]

[[package]]
name = "serde"
version = "1.0.228"
source = "registry+https://github.com/rust-lang/crates.io-index"
checksum = "9a8e94ea7f378bd32cbbd37198a4a91436180c5bb472411e48b5ec2e2124ae9e"
dependencies = [
 "serde_core",
]

[[package]]
name = "serde_core"
version = "1.0.228"
source = "registry+https://github.com/rust-lang/crates.io-index"
checksum = "41d385c7d4ca58e59fc732af25c3983b67ac852c1a25000afe1175de458b67ad"
dependencies = [
 "serde_derive",
]

[[package]]
name = "serde_derive"
version = "1.0.228"
source = "registry+https://github.com/rust-lang/crates.io-index"
checksum = "d540f220d3187173da220f885ab66608367b6574e925011a9353e4badda91d79"
dependencies = [
 "proc-macro2",
 "quote",
 "syn",
]

[[package]]
name = "serde_json"
version = "1.0.149"
source = "registry+https://github.com/rust-lang/crates.io-index"
checksum = "83fc039473c5595ace860d8c4fafa220ff474b3fc6bfdb4293327f1a37e94d86"
dependencies = [
 "indexmap",
 "itoa",
 "memchr",
 "serde",
 "serde_core",
 "zmij",
]

[[package]]
name = "serde_yaml"
version = "0.9.34+deprecated"
source = "registry+https://github.com/rust-lang/crates.io-index"
checksum = "6a8b1a1a2ebf674015cc02edccce75287f1a0130d394307b36743c2f5d504b47"
dependencies = [
 "indexmap",
 "itoa",
 "ryu",
 "serde",
 "unsafe-libyaml",
]

[[package]]
name = "shlex"
version = "1.3.0"
source = "registry+https://github.com/rust-lang/crates.io-index"
checksum = "0fda2ff0d084019ba4d7c6f371c95d8fd75ce3524c3cb8fb653a3023f6323e64"

[[package]]
name = "snafu"
version = "0.8.9"
source = "registry+https://github.com/rust-lang/crates.io-index"
checksum = "6e84b3f4eacbf3a1ce05eac6763b4d629d60cbc94d632e4092c54ade71f1e1a2"
dependencies = [
 "snafu-derive",
]

[[package]]
name = "snafu-derive"
version = "0.8.9"
source = "registry+https://github.com/rust-lang/crates.io-index"
checksum = "c1c97747dbf44bb1ca44a561ece23508e99cb592e862f22222dcf42f51d1e451"
dependencies = [
 "heck",
 "proc-macro2",
 "quote",
 "syn",
]

[[package]]
name = "streaming-iterator"
version = "0.1.9"
source = "registry+https://github.com/rust-lang/crates.io-index"
checksum = "2b2231b7c3057d5e4ad0156fb3dc807d900806020c5ffa3ee6ff2c8c76fb8520"

[[package]]
name = "syn"
version = "2.0.117"
source = "registry+https://github.com/rust-lang/crates.io-index"
checksum = "e665b8803e7b1d2a727f4023456bbbbe74da67099c585258af0ad9c5013b9b99"
dependencies = [
 "proc-macro2",
 "quote",
 "unicode-ident",
]

[[package]]
name = "thiserror"
version = "2.0.18"
source = "registry+https://github.com/rust-lang/crates.io-index"
checksum = "4288b5bcbc7920c07a1149a35cf9590a2aa808e0bc1eafaade0b80947865fbc4"
dependencies = [
 "thiserror-impl",
]

[[package]]
name = "thiserror-impl"
version = "2.0.18"
source = "registry+https://github.com/rust-lang/crates.io-index"
checksum = "ebc4ee7f67670e9b64d05fa4253e753e016c6c95ff35b89b7941d6b856dec1d5"
dependencies = [
 "proc-macro2",
 "quote",
 "syn",
]

[[package]]
name = "tree-sitter"
version = "0.26.8"
source = "registry+https://github.com/rust-lang/crates.io-index"
checksum = "887bd495d0582c5e3e0d8ece2233666169fa56a9644d172fc22ad179ab2d0538"
dependencies = [
 "cc",
 "regex",
 "regex-syntax",
 "serde_json",
 "streaming-iterator",
 "tree-sitter-language",
]

[[package]]
name = "tree-sitter-language"
version = "0.1.7"
source = "registry+https://github.com/rust-lang/crates.io-index"
checksum = "009994f150cc0cd50ff54917d5bc8bffe8cad10ca10d81c34da2ec421ae61782"

[[package]]
name = "tree-sitter-turtle"
version = "0.2.0"
dependencies = [
 "cc",
 "tree-sitter-language",
]

[[package]]
name = "unicase"
version = "2.9.0"
source = "registry+https://github.com/rust-lang/crates.io-index"
checksum = "dbc4bc3a9f746d862c45cb89d705aa10f187bb96c76001afab07a0d35ce60142"

[[package]]
name = "unicode-id"
version = "0.3.6"
source = "registry+https://github.com/rust-lang/crates.io-index"
checksum = "70ba288e709927c043cbe476718d37be306be53fb1fafecd0dbe36d072be2580"

[[package]]
name = "unicode-ident"
version = "1.0.24"
source = "registry+https://github.com/rust-lang/crates.io-index"
checksum = "e6e4313cd5fcd3dad5cafa179702e2b244f760991f45397d14d4ebf38247da75"

[[package]]
name = "unsafe-libyaml"
version = "0.2.11"
source = "registry+https://github.com/rust-lang/crates.io-index"
checksum = "673aac59facbab8a9007c7f6108d11f63b603f7cabff99fabf650fea5c32b861"

[[package]]
name = "wasip2"
version = "1.0.3+wasi-0.2.9"
source = "registry+https://github.com/rust-lang/crates.io-index"
checksum = "20064672db26d7cdc89c7798c48a0fdfac8213434a1186e5ef29fd560ae223d6"
dependencies = [
 "wit-bindgen",
]

[[package]]
name = "wit-bindgen"
version = "0.57.1"
source = "registry+https://github.com/rust-lang/crates.io-index"
checksum = "1ebf944e87a7c253233ad6766e082e3cd714b5d03812acc24c318f549614536e"

[[package]]
name = "zerocopy"
version = "0.8.48"
source = "registry+https://github.com/rust-lang/crates.io-index"
checksum = "eed437bf9d6692032087e337407a86f04cd8d6a16a37199ed57949d415bd68e9"
dependencies = [
 "zerocopy-derive",
]

[[package]]
name = "zerocopy-derive"
version = "0.8.48"
source = "registry+https://github.com/rust-lang/crates.io-index"
checksum = "70e3cd084b1788766f53af483dd21f93881ff30d7320490ec3ef7526d203bad4"
dependencies = [
 "proc-macro2",
 "quote",
 "syn",
]

[[package]]
name = "zmij"
version = "1.0.21"
source = "registry+https://github.com/rust-lang/crates.io-index"
checksum = "b8848ee67ecc8aedbaf3e4122217aff892639231befc6a1b58d29fff4c2cabaa"
